
Microsoft Visual Studio Solution File, Format Version 12.00
# Visual Studio Version 16
VisualStudioVersion = 16.0.31005.135
MinimumVisualStudioVersion = 10.0.40219.1
Project("{FAE04EC0-301F-11D3-BF4B-00C04F79EFBC}") = "binaryReader", "binaryReader\binaryReader.csproj", "{1DD0926E-0E5C-443A-A502-DD8CC2829CC9}"
EndProject
Global
	GlobalSection(SolutionConfigurationPlatforms) = preSolution
		Debug|Any CPU = Debug|Any CPU
		Release|Any CPU = Release|Any CPU
	EndGlobalSection
	GlobalSection(ProjectConfigurationPlatforms) = postSolution
		{1DD0926E-0E5C-443A-A502-DD8CC2829CC9}.Debug|Any CPU.ActiveCfg = Debug|Any CPU
		{1DD0926E-0E5C-443A-A502-DD8CC2829CC9}.Debug|Any CPU.Build.0 = Debug|Any CPU
		{1DD0926E-0E5C-443A-A502-DD8CC2829CC9}.Release|Any CPU.ActiveCfg = Release|Any CPU
		{1DD0926E-0E5C-443A-A502-DD8CC2829CC9}.Release|Any CPU.Build.0 = Release|Any CPU
	EndGlobalSection
	GlobalSection(SolutionProperties) = preSolution
		HideSolutionNode = FALSE
	EndGlobalSection
	GlobalSection(ExtensibilityGlobals) = postSolution
		SolutionGuid = {DD489FC4-4071-46F3-8CF4-98D2D27887FD}
	EndGlobalSection
EndGlobal
